{
	"requires": true,
	"lockfileVersion": 1,
	"dependencies": {
		"debug": {
			"version": "3.1.0",
			"resolved": "https://registry.npmjs.org/debug/-/debug-3.1.0.tgz",
			"integrity": "sha512-OX8XqP7/1a9cqkxYw2yXss15f26NKWBpDXQd0/uK/KPqdQhxbPa994hnzjcE2VqQpDslf55723cKPUOGSmMY3g==",
			"requires": {
				"ms": "2.0.0"
			}
		},
		"lodash.isequal": {
			"version": "4.5.0",
			"resolved": "https://registry.npmjs.org/lodash.isequal/-/lodash.isequal-4.5.0.tgz",
			"integrity": "sha1-QVxEePK8wwEgwizhDtMib30+GOA="
		},
		"lodash.isfunction": {
			"version": "3.0.9",
			"resolved": "https://registry.npmjs.org/lodash.isfunction/-/lodash.isfunction-3.0.9.tgz",
			"integrity": "sha512-AirXNj15uRIMMPihnkInB4i3NHeb4iBtNg9WRWuK2o31S+ePwwNmDPaTL3o7dTJ+VXNZim7rFs4rxN4YU1oUJw=="
		},
		"lodash.isobject": {
			"version": "3.0.2",
			"resolved": "https://registry.npmjs.org/lodash.isobject/-/lodash.isobject-3.0.2.tgz",
			"integrity": "sha1-PI+41bW/S/kK4G4U8qUwpO2TXh0="
		},
		"lru-cache": {
			"version": "4.1.3",
			"resolved": "https://registry.npmjs.org/lru-cache/-/lru-cache-4.1.3.tgz",
			"integrity": "sha512-fFEhvcgzuIoJVUF8fYr5KR0YqxD238zgObTps31YdADwPPAp82a4M8TrckkWyx7ekNlf9aBcVn81cFwwXngrJA==",
			"requires": {
				"pseudomap": "1.0.2",
				"yallist": "2.1.2"
			}
		},
		"ms": {
			"version": "2.0.0",
			"resolved": "https://registry.npmjs.org/ms/-/ms-2.0.0.tgz",
			"integrity": "sha1-VgiurfwAvmwpAd9fmGF4jeDVl8g="
		},
		"pseudomap": {
			"version": "1.0.2",
			"resolved": "https://registry.npmjs.org/pseudomap/-/pseudomap-1.0.2.tgz",
			"integrity": "sha1-8FKijacOYYkX7wqKw0wa5aaChrM="
		},
		"rxjs": {
			"version": "6.2.1",
			"resolved": "https://registry.npmjs.org/rxjs/-/rxjs-6.2.1.tgz",
			"integrity": "sha512-OwMxHxmnmHTUpgO+V7dZChf3Tixf4ih95cmXjzzadULziVl/FKhHScGLj4goEw9weePVOH2Q0+GcCBUhKCZc/g==",
			"requires": {
				"tslib": "1.9.3"
			}
		},
		"tslib": {
			"version": "1.9.3",
			"resolved": "https://registry.npmjs.org/tslib/-/tslib-1.9.3.tgz",
			"integrity": "sha512-4krF8scpejhaOgqzBEcGM7yDIEfi0/8+8zDRZhNZZ2kjmHJ4hv3zCbQWxoJGz1iw5U0Jl0nma13xzHXcncMavQ=="
		},
		"yallist": {
			"version": "2.1.2",
			"resolved": "https://registry.npmjs.org/yallist/-/yallist-2.1.2.tgz",
			"integrity": "sha1-HBH5IY8HYImkfdUS+TxmmaaoHVI="
		}
	}
}
