{
	"requires": true,
	"lockfileVersion": 1,
	"dependencies": {
		"debug": {
			"version": "3.1.0",
			"resolved": "https://registry.npmjs.org/debug/-/debug-3.1.0.tgz",
			"integrity": "sha512-OX8XqP7/1a9cqkxYw2yXss15f26NKWBpDXQd0/uK/KPqdQhxbPa994hnzjcE2VqQpDslf55723cKPUOGSmMY3g==",
			"requires": {
				"ms": "2.0.0"
			}
		},
		"ms": {
			"version": "2.0.0",
			"resolved": "https://registry.npmjs.org/ms/-/ms-2.0.0.tgz",
			"integrity": "sha1-VgiurfwAvmwpAd9fmGF4jeDVl8g="
		},
		"rxjs": {
			"version": "6.2.1",
			"resolved": "https://registry.npmjs.org/rxjs/-/rxjs-6.2.1.tgz",
			"integrity": "sha512-OwMxHxmnmHTUpgO+V7dZChf3Tixf4ih95cmXjzzadULziVl/FKhHScGLj4goEw9weePVOH2Q0+GcCBUhKCZc/g==",
			"requires": {
				"tslib": "1.9.3"
			}
		},
		"tslib": {
			"version": "1.9.3",
			"resolved": "https://registry.npmjs.org/tslib/-/tslib-1.9.3.tgz",
			"integrity": "sha512-4krF8scpejhaOgqzBEcGM7yDIEfi0/8+8zDRZhNZZ2kjmHJ4hv3zCbQWxoJGz1iw5U0Jl0nma13xzHXcncMavQ=="
		}
	}
}
